// !$*UTF8*$!
{
	archiveVersion = 1;
	classes = {
	};
	objectVersion = 46;
	objects = {

/* Begin PBXBuildFile section */
		46A0F5371B44AA23001DCDD9 /* SwiftyJSON.swift in Sources */ = {isa = PBXBuildFile; fileRef = 46A0F5361B44AA23001DCDD9 /* SwiftyJSON.swift */; };
		46E5C2331B4497E800989AD6 /* RestApiManager.swift in Sources */ = {isa = PBXBuildFile; fileRef = 46E5C2321B4497E800989AD6 /* RestApiManager.swift */; };
		46E85C641B35640F005E2106 /* AppDelegate.swift in Sources */ = {isa = PBXBuildFile; fileRef = 46E85C631B35640F005E2106 /* AppDelegate.swift */; };
		46E85C661B35640F005E2106 /* AddBookViewController.swift in Sources */ = {isa = PBXBuildFile; fileRef = 46E85C651B35640F005E2106 /* AddBookViewController.swift */; };
		46E85C691B35640F005E2106 /* Main.storyboard in Resources */ = {isa = PBXBuildFile; fileRef = 46E85C671B35640F005E2106 /* Main.storyboard */; };
		46E85C6B1B35640F005E2106 /* Images.xcassets in Resources */ = {isa = PBXBuildFile; fileRef = 46E85C6A1B35640F005E2106 /* Images.xcassets */; };
		46E85C6E1B35640F005E2106 /* LaunchScreen.xib in Resources */ = {isa = PBXBuildFile; fileRef = 46E85C6C1B35640F005E2106 /* LaunchScreen.xib */; };
		46E85C7A1B35640F005E2106 /* BookLabTests.swift in Sources */ = {isa = PBXBuildFile; fileRef = 46E85C791B35640F005E2106 /* BookLabTests.swift */; };
		46FB881E1B43F30400887819 /* BooksViewController.swift in Sources */ = {isa = PBXBuildFile; fileRef = 46FB881D1B43F30400887819 /* BooksViewController.swift */; };
		46FB88201B43F61200887819 /* BookCell.swift in Sources */ = {isa = PBXBuildFile; fileRef = 46FB881F1B43F61200887819 /* BookCell.swift */; };
		46FB88221B43F79E00887819 /* Book.swift in Sources */ = {isa = PBXBuildFile; fileRef = 46FB88211B43F79E00887819 /* Book.swift */; };
		8FF3ED4A1B4B00DC00BAA8C5 /* BookDataSource.swift in Sources */ = {isa = PBXBuildFile; fileRef = 8FF3ED491B4B00DC00BAA8C5 /* BookDataSource.swift */; };
/* End PBXBuildFile section */

/* Begin PBXContainerItemProxy section */
		46E85C741B35640F005E2106 /* PBXContainerItemProxy */ = {
			isa = PBXContainerItemProxy;
			containerPortal = 46E85C561B35640F005E2106 /* Project object */;
			proxyType = 1;
			remoteGlobalIDString = 46E85C5D1B35640F005E2106;
			remoteInfo = BookLab;
		};
/* End PBXContainerItemProxy section */

/* Begin PBXFileReference section */
		46A0F5361B44AA23001DCDD9 /* SwiftyJSON.swift */ = {isa = PBXFileReference; fileEncoding = 4; lastKnownFileType = sourcecode.swift; path = SwiftyJSON.swift; sourceTree = "<group>"; };
		46E5C2321B4497E800989AD6 /* RestApiManager.swift */ = {isa = PBXFileReference; fileEncoding = 4; lastKnownFileType = sourcecode.swift; path = RestApiManager.swift; sourceTree = "<group>"; };
		46E85C5E1B35640F005E2106 /* BookLab.app */ = {isa = PBXFileReference; explicitFileType = wrapper.application; includeInIndex = 0; path = BookLab.app; sourceTree = BUILT_PRODUCTS_DIR; };
		46E85C621B35640F005E2106 /* Info.plist */ = {isa = PBXFileReference; lastKnownFileType = text.plist.xml; path = Info.plist; sourceTree = "<group>"; };
		46E85C631B35640F005E2106 /* AppDelegate.swift */ = {isa = PBXFileReference; lastKnownFileType = sourcecode.swift; path = AppDelegate.swift; sourceTree = "<group>"; };
		46E85C651B35640F005E2106 /* AddBookViewController.swift */ = {isa = PBXFileReference; lastKnownFileType = sourcecode.swift; path = AddBookViewController.swift; sourceTree = "<group>"; };
		46E85C681B35640F005E2106 /* Base */ = {isa = PBXFileReference; lastKnownFileType = file.storyboard; name = Base; path = Base.lproj/Main.storyboard; sourceTree = "<group>"; };
		46E85C6A1B35640F005E2106 /* Images.xcassets */ = {isa = PBXFileReference; lastKnownFileType = folder.assetcatalog; path = Images.xcassets; sourceTree = "<group>"; };
		46E85C6D1B35640F005E2106 /* Base */ = {isa = PBXFileReference; lastKnownFileType = file.xib; name = Base; path = Base.lproj/LaunchScreen.xib; sourceTree = "<group>"; };
		46E85C731B35640F005E2106 /* BookLabTests.xctest */ = {isa = PBXFileReference; explicitFileType = wrapper.cfbundle; includeInIndex = 0; path = BookLabTests.xctest; sourceTree = BUILT_PRODUCTS_DIR; };
		46E85C781B35640F005E2106 /* Info.plist */ = {isa = PBXFileReference; lastKnownFileType = text.plist.xml; path = Info.plist; sourceTree = "<group>"; };
		46E85C791B35640F005E2106 /* BookLabTests.swift */ = {isa = PBXFileReference; lastKnownFileType = sourcecode.swift; path = BookLabTests.swift; sourceTree = "<group>"; };
		46FB881D1B43F30400887819 /* BooksViewController.swift */ = {isa = PBXFileReference; fileEncoding = 4; lastKnownFileType = sourcecode.swift; path = BooksViewController.swift; sourceTree = "<group>"; };
		46FB881F1B43F61200887819 /* BookCell.swift */ = {isa = PBXFileReference; fileEncoding = 4; lastKnownFileType = sourcecode.swift; path = BookCell.swift; sourceTree = "<group>"; };
		46FB88211B43F79E00887819 /* Book.swift */ = {isa = PBXFileReference; fileEncoding = 4; lastKnownFileType = sourcecode.swift; path = Book.swift; sourceTree = "<group>"; };
		8FF3ED491B4B00DC00BAA8C5 /* BookDataSource.swift */ = {isa = PBXFileReference; fileEncoding = 4; lastKnownFileType = sourcecode.swift; path = BookDataSource.swift; sourceTree = "<group>"; };
/* End PBXFileReference section */

/* Begin PBXFrameworksBuildPhase section */
		46E85C5B1B35640F005E2106 /* Frameworks */ = {
			isa = PBXFrameworksBuildPhase;
			buildActionMask = 2147483647;
			files = (
			);
			runOnlyForDeploymentPostprocessing = 0;
		};
		46E85C701B35640F005E2106 /* Frameworks */ = {
			isa = PBXFrameworksBuildPhase;
			buildActionMask = 2147483647;
			files = (
			);
			runOnlyForDeploymentPostprocessing = 0;
		};
/* End PBXFrameworksBuildPhase section */

/* Begin PBXGroup section */
		46E85C551B35640F005E2106 = {
			isa = PBXGroup;
			children = (
				46E85C601B35640F005E2106 /* BookLab */,
				46E85C761B35640F005E2106 /* BookLabTests */,
				46E85C5F1B35640F005E2106 /* Products */,
				8F7BBC271B4AC74D002DF4E2 /* External */,
			);
			sourceTree = "<group>";
		};
		46E85C5F1B35640F005E2106 /* Products */ = {
			isa = PBXGroup;
			children = (
				46E85C5E1B35640F005E2106 /* BookLab.app */,
				46E85C731B35640F005E2106 /* BookLabTests.xctest */,
			);
			name = Products;
			sourceTree = "<group>";
		};
		46E85C601B35640F005E2106 /* BookLab */ = {
			isa = PBXGroup;
			children = (
				8FF3ED481B4B00B400BAA8C5 /* Data Sources */,
				8F7BBC261B4AC51E002DF4E2 /* View Controllers */,
				46E85C631B35640F005E2106 /* AppDelegate.swift */,
				46E5C2321B4497E800989AD6 /* RestApiManager.swift */,
				8F7BBC281B4AC92A002DF4E2 /* Models */,
				46E85C6A1B35640F005E2106 /* Images.xcassets */,
				46E85C6C1B35640F005E2106 /* LaunchScreen.xib */,
				46E85C671B35640F005E2106 /* Main.storyboard */,
				46E85C611B35640F005E2106 /* Supporting Files */,
				46FB881F1B43F61200887819 /* BookCell.swift */,
			);
			path = BookLab;
			sourceTree = "<group>";
		};
		46E85C611B35640F005E2106 /* Supporting Files */ = {
			isa = PBXGroup;
			children = (
				46E85C621B35640F005E2106 /* Info.plist */,
			);
			name = "Supporting Files";
			sourceTree = "<group>";
		};
		46E85C761B35640F005E2106 /* BookLabTests */ = {
			isa = PBXGroup;
			children = (
				46E85C791B35640F005E2106 /* BookLabTests.swift */,
				46E85C771B35640F005E2106 /* Supporting Files */,
			);
			path = BookLabTests;
			sourceTree = "<group>";
		};
		46E85C771B35640F005E2106 /* Supporting Files */ = {
			isa = PBXGroup;
			children = (
				46E85C781B35640F005E2106 /* Info.plist */,
			);
			name = "Supporting Files";
			sourceTree = "<group>";
		};
		8F7BBC261B4AC51E002DF4E2 /* View Controllers */ = {
			isa = PBXGroup;
			children = (
				46E85C651B35640F005E2106 /* AddBookViewController.swift */,
				46FB881D1B43F30400887819 /* BooksViewController.swift */,
			);
			name = "View Controllers";
			sourceTree = "<group>";
		};
		8F7BBC271B4AC74D002DF4E2 /* External */ = {
			isa = PBXGroup;
			children = (
				46A0F5361B44AA23001DCDD9 /* SwiftyJSON.swift */,
			);
			name = External;
			path = BookLab;
			sourceTree = "<group>";
		};
		8F7BBC281B4AC92A002DF4E2 /* Models */ = {
			isa = PBXGroup;
			children = (
				46FB88211B43F79E00887819 /* Book.swift */,
			);
			name = Models;
			sourceTree = "<group>";
		};
		8FF3ED481B4B00B400BAA8C5 /* Data Sources */ = {
			isa = PBXGroup;
			children = (
				8FF3ED491B4B00DC00BAA8C5 /* BookDataSource.swift */,
			);
			name = "Data Sources";
			sourceTree = "<group>";
		};
/* End PBXGroup section */

/* Begin PBXNativeTarget section */
		46E85C5D1B35640F005E2106 /* BookLab */ = {
			isa = PBXNativeTarget;
			buildConfigurationList = 46E85C7D1B35640F005E2106 /* Build configuration list for PBXNativeTarget "BookLab" */;
			buildPhases = (
				46E85C5A1B35640F005E2106 /* Sources */,
				46E85C5B1B35640F005E2106 /* Frameworks */,
				46E85C5C1B35640F005E2106 /* Resources */,
			);
			buildRules = (
			);
			dependencies = (
			);
			name = BookLab;
			productName = BookLab;
			productReference = 46E85C5E1B35640F005E2106 /* BookLab.app */;
			productType = "com.apple.product-type.application";
		};
		46E85C721B35640F005E2106 /* BookLabTests */ = {
			isa = PBXNativeTarget;
			buildConfigurationList = 46E85C801B35640F005E2106 /* Build configuration list for PBXNativeTarget "BookLabTests" */;
			buildPhases = (
				46E85C6F1B35640F005E2106 /* Sources */,
				46E85C701B35640F005E2106 /* Frameworks */,
				46E85C711B35640F005E2106 /* Resources */,
			);
			buildRules = (
			);
			dependencies = (
				46E85C751B35640F005E2106 /* PBXTargetDependency */,
			);
			name = BookLabTests;
			productName = BookLabTests;
			productReference = 46E85C731B35640F005E2106 /* BookLabTests.xctest */;
			productType = "com.apple.product-type.bundle.unit-test";
		};
/* End PBXNativeTarget section */

/* Begin PBXProject section */
		46E85C561B35640F005E2106 /* Project object */ = {
			isa = PBXProject;
			attributes = {
				LastUpgradeCheck = 0630;
				ORGANIZATIONNAME = "Pedro Russo";
				TargetAttributes = {
					46E85C5D1B35640F005E2106 = {
						CreatedOnToolsVersion = 6.3;
					};
					46E85C721B35640F005E2106 = {
						CreatedOnToolsVersion = 6.3;
						TestTargetID = 46E85C5D1B35640F005E2106;
					};
				};
			};
			buildConfigurationList = 46E85C591B35640F005E2106 /* Build configuration list for PBXProject "BookLab" */;
			compatibilityVersion = "Xcode 3.2";
			developmentRegion = English;
			hasScannedForEncodings = 0;
			knownRegions = (
				en,
				Base,
			);
			mainGroup = 46E85C551B35640F005E2106;
			productRefGroup = 46E85C5F1B35640F005E2106 /* Products */;
			projectDirPath = "";
			projectRoot = "";
			targets = (
				46E85C5D1B35640F005E2106 /* BookLab */,
				46E85C721B35640F005E2106 /* BookLabTests */,
			);
		};
/* End PBXProject section */

/* Begin PBXResourcesBuildPhase section */
		46E85C5C1B35640F005E2106 /* Resources */ = {
			isa = PBXResourcesBuildPhase;
			buildActionMask = 2147483647;
			files = (
				46E85C691B35640F005E2106 /* Main.storyboard in Resources */,
				46E85C6E1B35640F005E2106 /* LaunchScreen.xib in Resources */,
				46E85C6B1B35640F005E2106 /* Images.xcassets in Resources */,
			);
			runOnlyForDeploymentPostprocessing = 0;
		};
		46E85C711B35640F005E2106 /* Resources */ = {
			isa = PBXResourcesBuildPhase;
			buildActionMask = 2147483647;
			files = (
			);
			runOnlyForDeploymentPostprocessing = 0;
		};
/* End PBXResourcesBuildPhase section */

/* Begin PBXSourcesBuildPhase section */
		46E85C5A1B35640F005E2106 /* Sources */ = {
			isa = PBXSourcesBuildPhase;
			buildActionMask = 2147483647;
			files = (
				46FB88201B43F61200887819 /* BookCell.swift in Sources */,
				8FF3ED4A1B4B00DC00BAA8C5 /* BookDataSource.swift in Sources */,
				46FB881E1B43F30400887819 /* BooksViewController.swift in Sources */,
				46E85C661B35640F005E2106 /* AddBookViewController.swift in Sources */,
				46FB88221B43F79E00887819 /* Book.swift in Sources */,
				46E5C2331B4497E800989AD6 /* RestApiManager.swift in Sources */,
				46A0F5371B44AA23001DCDD9 /* SwiftyJSON.swift in Sources */,
				46E85C641B35640F005E2106 /* AppDelegate.swift in Sources */,
			);
			runOnlyForDeploymentPostprocessing = 0;
		};
		46E85C6F1B35640F005E2106 /* Sources */ = {
			isa = PBXSourcesBuildPhase;
			buildActionMask = 2147483647;
			files = (
				46E85C7A1B35640F005E2106 /* BookLabTests.swift in Sources */,
			);
			runOnlyForDeploymentPostprocessing = 0;
		};
/* End PBXSourcesBuildPhase section */

/* Begin PBXTargetDependency section */
		46E85C751B35640F005E2106 /* PBXTargetDependency */ = {
			isa = PBXTargetDependency;
			target = 46E85C5D1B35640F005E2106 /* BookLab */;
			targetProxy = 46E85C741B35640F005E2106 /* PBXContainerItemProxy */;
		};
/* End PBXTargetDependency section */

/* Begin PBXVariantGroup section */
		46E85C671B35640F005E2106 /* Main.storyboard */ = {
			isa = PBXVariantGroup;
			children = (
				46E85C681B35640F005E2106 /* Base */,
			);
			name = Main.storyboard;
			sourceTree = "<group>";
		};
		46E85C6C1B35640F005E2106 /* LaunchScreen.xib */ = {
			isa = PBXVariantGroup;
			children = (
				46E85C6D1B35640F005E2106 /* Base */,
			);
			name = LaunchScreen.xib;
			sourceTree = "<group>";
		};
/* End PBXVariantGroup section */

/* Begin XCBuildConfiguration section */
		46E85C7B1B35640F005E2106 /* Debug */ = {
			isa = XCBuildConfiguration;
			buildSettings = {
				ALWAYS_SEARCH_USER_PATHS = NO;
				CLANG_CXX_LANGUAGE_STANDARD = "gnu++0x";
				CLANG_CXX_LIBRARY = "libc++";
				CLANG_ENABLE_MODULES = YES;
				CLANG_ENABLE_OBJC_ARC = YES;
				CLANG_WARN_BOOL_CONVERSION = YES;
				CLANG_WARN_CONSTANT_CONVERSION = YES;
				CLANG_WARN_DIRECT_OBJC_ISA_USAGE = YES_ERROR;
				CLANG_WARN_EMPTY_BODY = YES;
				CLANG_WARN_ENUM_CONVERSION = YES;
				CLANG_WARN_INT_CONVERSION = YES;
				CLANG_WARN_OBJC_ROOT_CLASS = YES_ERROR;
				CLANG_WARN_UNREACHABLE_CODE = YES;
				CLANG_WARN__DUPLICATE_METHOD_MATCH = YES;
				"CODE_SIGN_IDENTITY[sdk=iphoneos*]" = "iPhone Developer";
				COPY_PHASE_STRIP = NO;
				DEBUG_INFORMATION_FORMAT = "dwarf-with-dsym";
				ENABLE_STRICT_OBJC_MSGSEND = YES;
				GCC_C_LANGUAGE_STANDARD = gnu99;
				GCC_DYNAMIC_NO_PIC = NO;
				GCC_NO_COMMON_BLOCKS = YES;
				GCC_OPTIMIZATION_LEVEL = 0;
				GCC_PREPROCESSOR_DEFINITIONS = (
					"DEBUG=1",
					"$(inherited)",
				);
				GCC_SYMBOLS_PRIVATE_EXTERN = NO;
				GCC_WARN_64_TO_32_BIT_CONVERSION = YES;
				GCC_WARN_ABOUT_RETURN_TYPE = YES_ERROR;
				GCC_WARN_UNDECLARED_SELECTOR = YES;
				GCC_WARN_UNINITIALIZED_AUTOS = YES_AGGRESSIVE;
				GCC_WARN_UNUSED_FUNCTION = YES;
				GCC_WARN_UNUSED_VARIABLE = YES;
				IPHONEOS_DEPLOYMENT_TARGET = 8.3;
				MTL_ENABLE_DEBUG_INFO = YES;
				ONLY_ACTIVE_ARCH = YES;
				SDKROOT = iphoneos;
				SWIFT_OPTIMIZATION_LEVEL = "-Onone";
				TARGETED_DEVICE_FAMILY = "1,2";
			};
			name = Debug;
		};
		46E85C7C1B35640F005E2106 /* Release */ = {
			isa = XCBuildConfiguration;
			buildSettings = {
				ALWAYS_SEARCH_USER_PATHS = NO;
				CLANG_CXX_LANGUAGE_STANDARD = "gnu++0x";
				CLANG_CXX_LIBRARY = "libc++";
				CLANG_ENABLE_MODULES = YES;
				CLANG_ENABLE_OBJC_ARC = YES;
				CLANG_WARN_BOOL_CONVERSION = YES;
				CLANG_WARN_CONSTANT_CONVERSION = YES;
				CLANG_WARN_DIRECT_OBJC_ISA_USAGE = YES_ERROR;
				CLANG_WARN_EMPTY_BODY = YES;
				CLANG_WARN_ENUM_CONVERSION = YES;
				CLANG_WARN_INT_CONVERSION = YES;
				CLANG_WARN_OBJC_ROOT_CLASS = YES_ERROR;
				CLANG_WARN_UNREACHABLE_CODE = YES;
				CLANG_WARN__DUPLICATE_METHOD_MATCH = YES;
				"CODE_SIGN_IDENTITY[sdk=iphoneos*]" = "iPhone Developer";
				COPY_PHASE_STRIP = NO;
				DEBUG_INFORMATION_FORMAT = "dwarf-with-dsym";
				ENABLE_NS_ASSERTIONS = NO;
				ENABLE_STRICT_OBJC_MSGSEND = YES;
				GCC_C_LANGUAGE_STANDARD = gnu99;
				GCC_NO_COMMON_BLOCKS = YES;
				GCC_WARN_64_TO_32_BIT_CONVERSION = YES;
				GCC_WARN_ABOUT_RETURN_TYPE = YES_ERROR;
				GCC_WARN_UNDECLARED_SELECTOR = YES;
				GCC_WARN_UNINITIALIZED_AUTOS = YES_AGGRESSIVE;
				GCC_WARN_UNUSED_FUNCTION = YES;
				GCC_WARN_UNUSED_VARIABLE = YES;
				IPHONEOS_DEPLOYMENT_TARGET = 8.3;
				MTL_ENABLE_DEBUG_INFO = NO;
				SDKROOT = iphoneos;
				TARGETED_DEVICE_FAMILY = "1,2";
				VALIDATE_PRODUCT = YES;
			};
			name = Release;
		};
		46E85C7E1B35640F005E2106 /* Debug */ = {
			isa = XCBuildConfiguration;
			buildSettings = {
				ASSETCATALOG_COMPILER_APPICON_NAME = AppIcon;
				INFOPLIST_FILE = BookLab/Info.plist;
				LD_RUNPATH_SEARCH_PATHS = "$(inherited) @executable_path/Frameworks";
				PRODUCT_NAME = "$(TARGET_NAME)";
			};
			name = Debug;
		};
		46E85C7F1B35640F005E2106 /* Release */ = {
			isa = XCBuildConfiguration;
			buildSettings = {
				ASSETCATALOG_COMPILER_APPICON_NAME = AppIcon;
				INFOPLIST_FILE = BookLab/Info.plist;
				LD_RUNPATH_SEARCH_PATHS = "$(inherited) @executable_path/Frameworks";
				PRODUCT_NAME = "$(TARGET_NAME)";
			};
			name = Release;
		};
		46E85C811B35640F005E2106 /* Debug */ = {
			isa = XCBuildConfiguration;
			buildSettings = {
				BUNDLE_LOADER = "$(TEST_HOST)";
				FRAMEWORK_SEARCH_PATHS = (
					"$(SDKROOT)/Developer/Library/Frameworks",
					"$(inherited)",
				);
				GCC_PREPROCESSOR_DEFINITIONS = (
					"DEBUG=1",
					"$(inherited)",
				);
				INFOPLIST_FILE = BookLabTests/Info.plist;
				LD_RUNPATH_SEARCH_PATHS = "$(inherited) @executable_path/Frameworks @loader_path/Frameworks";
				PRODUCT_NAME = "$(TARGET_NAME)";
				TEST_HOST = "$(BUILT_PRODUCTS_DIR)/BookLab.app/BookLab";
			};
			name = Debug;
		};
		46E85C821B35640F005E2106 /* Release */ = {
			isa = XCBuildConfiguration;
			buildSettings = {
				BUNDLE_LOADER = "$(TEST_HOST)";
				FRAMEWORK_SEARCH_PATHS = (
					"$(SDKROOT)/Developer/Library/Frameworks",
					"$(inherited)",
				);
				INFOPLIST_FILE = BookLabTests/Info.plist;
				LD_RUNPATH_SEARCH_PATHS = "$(inherited) @executable_path/Frameworks @loader_path/Frameworks";
				PRODUCT_NAME = "$(TARGET_NAME)";
				TEST_HOST = "$(BUILT_PRODUCTS_DIR)/BookLab.app/BookLab";
			};
			name = Release;
		};
/* End XCBuildConfiguration section */

/* Begin XCConfigurationList section */
		46E85C591B35640F005E2106 /* Build configuration list for PBXProject "BookLab" */ = {
			isa = XCConfigurationList;
			buildConfigurations = (
				46E85C7B1B35640F005E2106 /* Debug */,
				46E85C7C1B35640F005E2106 /* Release */,
			);
			defaultConfigurationIsVisible = 0;
			defaultConfigurationName = Release;
		};
		46E85C7D1B35640F005E2106 /* Build configuration list for PBXNativeTarget "BookLab" */ = {
			isa = XCConfigurationList;
			buildConfigurations = (
				46E85C7E1B35640F005E2106 /* Debug */,
				46E85C7F1B35640F005E2106 /* Release */,
			);
			defaultConfigurationIsVisible = 0;
			defaultConfigurationName = Release;
		};
		46E85C801B35640F005E2106 /* Build configuration list for PBXNativeTarget "BookLabTests" */ = {
			isa = XCConfigurationList;
			buildConfigurations = (
				46E85C811B35640F005E2106 /* Debug */,
				46E85C821B35640F005E2106 /* Release */,
			);
			defaultConfigurationIsVisible = 0;
			defaultConfigurationName = Release;
		};
/* End XCConfigurationList section */
	};
	rootObject = 46E85C561B35640F005E2106 /* Project object */;
}
